
Microsoft Visual Studio Solution File, Format Version 12.00
# Visual Studio Version 16
VisualStudioVersion = 16.0.33130.400
MinimumVisualStudioVersion = 10.0.40219.1
Project("{8BC9CEB8-8B4A-11D0-8D11-00A0C91BC942}") = "zad_LD", "zad_LD.vcxproj", "{878335D4-9AC3-43F4-A46B-427B1EF5FE5B}"
EndProject
Global
	GlobalSection(SolutionConfigurationPlatforms) = preSolution
		Debug|x64 = Debug|x64
		Debug|x86 = Debug|x86
		Release|x64 = Release|x64
		Release|x86 = Release|x86
	EndGlobalSection
	GlobalSection(ProjectConfigurationPlatforms) = postSolution
		{878335D4-9AC3-43F4-A46B-427B1EF5FE5B}.Debug|x64.ActiveCfg = Debug|x64
		{878335D4-9AC3-43F4-A46B-427B1EF5FE5B}.Debug|x64.Build.0 = Debug|x64
		{878335D4-9AC3-43F4-A46B-427B1EF5FE5B}.Debug|x86.ActiveCfg = Debug|Win32
		{878335D4-9AC3-43F4-A46B-427B1EF5FE5B}.Debug|x86.Build.0 = Debug|Win32
		{878335D4-9AC3-43F4-A46B-427B1EF5FE5B}.Release|x64.ActiveCfg = Release|x64
		{878335D4-9AC3-43F4-A46B-427B1EF5FE5B}.Release|x64.Build.0 = Release|x64
		{878335D4-9AC3-43F4-A46B-427B1EF5FE5B}.Release|x86.ActiveCfg = Release|Win32
		{878335D4-9AC3-43F4-A46B-427B1EF5FE5B}.Release|x86.Build.0 = Release|Win32
	EndGlobalSection
	GlobalSection(SolutionProperties) = preSolution
		HideSolutionNode = FALSE
	EndGlobalSection
	GlobalSection(ExtensibilityGlobals) = postSolution
		SolutionGuid = {42B618D0-A318-48E3-9F38-7616F5807083}
	EndGlobalSection
EndGlobal
